// !$*UTF8*$!
{
	archiveVersion = 1;
	classes = {
	};
	objectVersion = 56;
	objects = {

/* Begin PBXBuildFile section */
		00225B932A21D201005A935E /* Weather_AppApp.swift in Sources */ = {isa = PBXBuildFile; fileRef = 00225B922A21D201005A935E /* Weather_AppApp.swift */; };
		00225B952A21D201005A935E /* ContentView.swift in Sources */ = {isa = PBXBuildFile; fileRef = 00225B942A21D201005A935E /* ContentView.swift */; };
		00225B972A21D202005A935E /* Assets.xcassets in Resources */ = {isa = PBXBuildFile; fileRef = 00225B962A21D202005A935E /* Assets.xcassets */; };
		00225B9A2A21D202005A935E /* Preview Assets.xcassets in Resources */ = {isa = PBXBuildFile; fileRef = 00225B992A21D202005A935E /* Preview Assets.xcassets */; };
		00225BA22A21D46C005A935E /* LocationManager.swift in Sources */ = {isa = PBXBuildFile; fileRef = 00225BA12A21D46C005A935E /* LocationManager.swift */; };
		00225BA52A21D5CA005A935E /* WelcomeView.swift in Sources */ = {isa = PBXBuildFile; fileRef = 00225BA42A21D5CA005A935E /* WelcomeView.swift */; };
		00225BA82A21D84D005A935E /* LoadingView.swift in Sources */ = {isa = PBXBuildFile; fileRef = 00225BA72A21D84D005A935E /* LoadingView.swift */; };
		00225BAA2A21DC67005A935E /* WeatherManager.swift in Sources */ = {isa = PBXBuildFile; fileRef = 00225BA92A21DC67005A935E /* WeatherManager.swift */; };
		00225BAC2A22A652005A935E /* WeatherView.swift in Sources */ = {isa = PBXBuildFile; fileRef = 00225BAB2A22A652005A935E /* WeatherView.swift */; };
		00225BAE2A22A680005A935E /* ModelData.swift in Sources */ = {isa = PBXBuildFile; fileRef = 00225BAD2A22A680005A935E /* ModelData.swift */; };
		00225BB02A22A763005A935E /* weatherData.json in Resources */ = {isa = PBXBuildFile; fileRef = 00225BAF2A22A763005A935E /* weatherData.json */; };
		00225BB22A22A822005A935E /* Extensions.swift in Sources */ = {isa = PBXBuildFile; fileRef = 00225BB12A22A822005A935E /* Extensions.swift */; };
		00225BB52A22AA12005A935E /* WeatherRow.swift in Sources */ = {isa = PBXBuildFile; fileRef = 00225BB42A22AA12005A935E /* WeatherRow.swift */; };
/* End PBXBuildFile section */

/* Begin PBXFileReference section */
		00225B8F2A21D201005A935E /* Weather App.app */ = {isa = PBXFileReference; explicitFileType = wrapper.application; includeInIndex = 0; path = "Weather App.app"; sourceTree = BUILT_PRODUCTS_DIR; };
		00225B922A21D201005A935E /* Weather_AppApp.swift */ = {isa = PBXFileReference; lastKnownFileType = sourcecode.swift; path = Weather_AppApp.swift; sourceTree = "<group>"; };
		00225B942A21D201005A935E /* ContentView.swift */ = {isa = PBXFileReference; lastKnownFileType = sourcecode.swift; path = ContentView.swift; sourceTree = "<group>"; };
		00225B962A21D202005A935E /* Assets.xcassets */ = {isa = PBXFileReference; lastKnownFileType = folder.assetcatalog; path = Assets.xcassets; sourceTree = "<group>"; };
		00225B992A21D202005A935E /* Preview Assets.xcassets */ = {isa = PBXFileReference; lastKnownFileType = folder.assetcatalog; path = "Preview Assets.xcassets"; sourceTree = "<group>"; };
		00225BA12A21D46C005A935E /* LocationManager.swift */ = {isa = PBXFileReference; lastKnownFileType = sourcecode.swift; path = LocationManager.swift; sourceTree = "<group>"; };
		00225BA42A21D5CA005A935E /* WelcomeView.swift */ = {isa = PBXFileReference; lastKnownFileType = sourcecode.swift; path = WelcomeView.swift; sourceTree = "<group>"; };
		00225BA72A21D84D005A935E /* LoadingView.swift */ = {isa = PBXFileReference; lastKnownFileType = sourcecode.swift; path = LoadingView.swift; sourceTree = "<group>"; };
		00225BA92A21DC67005A935E /* WeatherManager.swift */ = {isa = PBXFileReference; lastKnownFileType = sourcecode.swift; path = WeatherManager.swift; sourceTree = "<group>"; };
		00225BAB2A22A652005A935E /* WeatherView.swift */ = {isa = PBXFileReference; lastKnownFileType = sourcecode.swift; path = WeatherView.swift; sourceTree = "<group>"; };
		00225BAD2A22A680005A935E /* ModelData.swift */ = {isa = PBXFileReference; lastKnownFileType = sourcecode.swift; path = ModelData.swift; sourceTree = "<group>"; };
		00225BAF2A22A763005A935E /* weatherData.json */ = {isa = PBXFileReference; lastKnownFileType = text.json; path = weatherData.json; sourceTree = "<group>"; };
		00225BB12A22A822005A935E /* Extensions.swift */ = {isa = PBXFileReference; lastKnownFileType = sourcecode.swift; path = Extensions.swift; sourceTree = "<group>"; };
		00225BB42A22AA12005A935E /* WeatherRow.swift */ = {isa = PBXFileReference; lastKnownFileType = sourcecode.swift; path = WeatherRow.swift; sourceTree = "<group>"; };
/* End PBXFileReference section */

/* Begin PBXFrameworksBuildPhase section */
		00225B8C2A21D201005A935E /* Frameworks */ = {
			isa = PBXFrameworksBuildPhase;
			buildActionMask = 2147483647;
			files = (
			);
			runOnlyForDeploymentPostprocessing = 0;
		};
/* End PBXFrameworksBuildPhase section */

/* Begin PBXGroup section */
		00225B862A21D201005A935E = {
			isa = PBXGroup;
			children = (
				00225B912A21D201005A935E /* Weather App */,
				00225B902A21D201005A935E /* Products */,
			);
			sourceTree = "<group>";
		};
		00225B902A21D201005A935E /* Products */ = {
			isa = PBXGroup;
			children = (
				00225B8F2A21D201005A935E /* Weather App.app */,
			);
			name = Products;
			sourceTree = "<group>";
		};
		00225B912A21D201005A935E /* Weather App */ = {
			isa = PBXGroup;
			children = (
				00225BB32A22A9FD005A935E /* Components */,
				00225BA32A21D56C005A935E /* Views */,
				00225BA02A21D43C005A935E /* Managers */,
				00225B922A21D201005A935E /* Weather_AppApp.swift */,
				00225B962A21D202005A935E /* Assets.xcassets */,
				00225B982A21D202005A935E /* Preview Content */,
				00225BB12A22A822005A935E /* Extensions.swift */,
			);
			path = "Weather App";
			sourceTree = "<group>";
		};
		00225B982A21D202005A935E /* Preview Content */ = {
			isa = PBXGroup;
			children = (
				00225B992A21D202005A935E /* Preview Assets.xcassets */,
				00225BAD2A22A680005A935E /* ModelData.swift */,
				00225BAF2A22A763005A935E /* weatherData.json */,
			);
			path = "Preview Content";
			sourceTree = "<group>";
		};
		00225BA02A21D43C005A935E /* Managers */ = {
			isa = PBXGroup;
			children = (
				00225BA12A21D46C005A935E /* LocationManager.swift */,
				00225BA92A21DC67005A935E /* WeatherManager.swift */,
			);
			path = Managers;
			sourceTree = "<group>";
		};
		00225BA32A21D56C005A935E /* Views */ = {
			isa = PBXGroup;
			children = (
				00225B942A21D201005A935E /* ContentView.swift */,
				00225BA42A21D5CA005A935E /* WelcomeView.swift */,
				00225BA72A21D84D005A935E /* LoadingView.swift */,
				00225BAB2A22A652005A935E /* WeatherView.swift */,
			);
			path = Views;
			sourceTree = "<group>";
		};
		00225BB32A22A9FD005A935E /* Components */ = {
			isa = PBXGroup;
			children = (
				00225BB42A22AA12005A935E /* WeatherRow.swift */,
			);
			path = Components;
			sourceTree = "<group>";
		};
/* End PBXGroup section */

/* Begin PBXNativeTarget section */
		00225B8E2A21D201005A935E /* Weather App */ = {
			isa = PBXNativeTarget;
			buildConfigurationList = 00225B9D2A21D202005A935E /* Build configuration list for PBXNativeTarget "Weather App" */;
			buildPhases = (
				00225B8B2A21D201005A935E /* Sources */,
				00225B8C2A21D201005A935E /* Frameworks */,
				00225B8D2A21D201005A935E /* Resources */,
			);
			buildRules = (
			);
			dependencies = (
			);
			name = "Weather App";
			productName = "Weather App";
			productReference = 00225B8F2A21D201005A935E /* Weather App.app */;
			productType = "com.apple.product-type.application";
		};
/* End PBXNativeTarget section */

/* Begin PBXProject section */
		00225B872A21D201005A935E /* Project object */ = {
			isa = PBXProject;
			attributes = {
				BuildIndependentTargetsInParallel = 1;
				LastSwiftUpdateCheck = 1430;
				LastUpgradeCheck = 1430;
				TargetAttributes = {
					00225B8E2A21D201005A935E = {
						CreatedOnToolsVersion = 14.3;
					};
				};
			};
			buildConfigurationList = 00225B8A2A21D201005A935E /* Build configuration list for PBXProject "Weather App" */;
			compatibilityVersion = "Xcode 14.0";
			developmentRegion = en;
			hasScannedForEncodings = 0;
			knownRegions = (
				en,
				Base,
			);
			mainGroup = 00225B862A21D201005A935E;
			productRefGroup = 00225B902A21D201005A935E /* Products */;
			projectDirPath = "";
			projectRoot = "";
			targets = (
				00225B8E2A21D201005A935E /* Weather App */,
			);
		};
/* End PBXProject section */

/* Begin PBXResourcesBuildPhase section */
		00225B8D2A21D201005A935E /* Resources */ = {
			isa = PBXResourcesBuildPhase;
			buildActionMask = 2147483647;
			files = (
				00225B9A2A21D202005A935E /* Preview Assets.xcassets in Resources */,
				00225BB02A22A763005A935E /* weatherData.json in Resources */,
				00225B972A21D202005A935E /* Assets.xcassets in Resources */,
			);
			runOnlyForDeploymentPostprocessing = 0;
		};
/* End PBXResourcesBuildPhase section */

/* Begin PBXSourcesBuildPhase section */
		00225B8B2A21D201005A935E /* Sources */ = {
			isa = PBXSourcesBuildPhase;
			buildActionMask = 2147483647;
			files = (
				00225BAA2A21DC67005A935E /* WeatherManager.swift in Sources */,
				00225BB22A22A822005A935E /* Extensions.swift in Sources */,
				00225B952A21D201005A935E /* ContentView.swift in Sources */,
				00225B932A21D201005A935E /* Weather_AppApp.swift in Sources */,
				00225BA22A21D46C005A935E /* LocationManager.swift in Sources */,
				00225BB52A22AA12005A935E /* WeatherRow.swift in Sources */,
				00225BA82A21D84D005A935E /* LoadingView.swift in Sources */,
				00225BAE2A22A680005A935E /* ModelData.swift in Sources */,
				00225BAC2A22A652005A935E /* WeatherView.swift in Sources */,
				00225BA52A21D5CA005A935E /* WelcomeView.swift in Sources */,
			);
			runOnlyForDeploymentPostprocessing = 0;
		};
/* End PBXSourcesBuildPhase section */

/* Begin XCBuildConfiguration section */
		00225B9B2A21D202005A935E /* Debug */ = {
			isa = XCBuildConfiguration;
			buildSettings = {
				ALWAYS_SEARCH_USER_PATHS = NO;
				CLANG_ANALYZER_NONNULL = YES;
				CLANG_ANALYZER_NUMBER_OBJECT_CONVERSION = YES_AGGRESSIVE;
				CLANG_CXX_LANGUAGE_STANDARD = "gnu++20";
				CLANG_ENABLE_MODULES = YES;
				CLANG_ENABLE_OBJC_ARC = YES;
				CLANG_ENABLE_OBJC_WEAK = YES;
				CLANG_WARN_BLOCK_CAPTURE_AUTORELEASING = YES;
				CLANG_WARN_BOOL_CONVERSION = YES;
				CLANG_WARN_COMMA = YES;
				CLANG_WARN_CONSTANT_CONVERSION = YES;
				CLANG_WARN_DEPRECATED_OBJC_IMPLEMENTATIONS = YES;
				CLANG_WARN_DIRECT_OBJC_ISA_USAGE = YES_ERROR;
				CLANG_WARN_DOCUMENTATION_COMMENTS = YES;
				CLANG_WARN_EMPTY_BODY = YES;
				CLANG_WARN_ENUM_CONVERSION = YES;
				CLANG_WARN_INFINITE_RECURSION = YES;
				CLANG_WARN_INT_CONVERSION = YES;
				CLANG_WARN_NON_LITERAL_NULL_CONVERSION = YES;
				CLANG_WARN_OBJC_IMPLICIT_RETAIN_SELF = YES;
				CLANG_WARN_OBJC_LITERAL_CONVERSION = YES;
				CLANG_WARN_OBJC_ROOT_CLASS = YES_ERROR;
				CLANG_WARN_QUOTED_INCLUDE_IN_FRAMEWORK_HEADER = YES;
				CLANG_WARN_RANGE_LOOP_ANALYSIS = YES;
				CLANG_WARN_STRICT_PROTOTYPES = YES;
				CLANG_WARN_SUSPICIOUS_MOVE = YES;
				CLANG_WARN_UNGUARDED_AVAILABILITY = YES_AGGRESSIVE;
				CLANG_WARN_UNREACHABLE_CODE = YES;
				CLANG_WARN__DUPLICATE_METHOD_MATCH = YES;
				COPY_PHASE_STRIP = NO;
				DEBUG_INFORMATION_FORMAT = dwarf;
				ENABLE_STRICT_OBJC_MSGSEND = YES;
				ENABLE_TESTABILITY = YES;
				GCC_C_LANGUAGE_STANDARD = gnu11;
				GCC_DYNAMIC_NO_PIC = NO;
				GCC_NO_COMMON_BLOCKS = YES;
				GCC_OPTIMIZATION_LEVEL = 0;
				GCC_PREPROCESSOR_DEFINITIONS = (
					"DEBUG=1",
					"$(inherited)",
				);
				GCC_WARN_64_TO_32_BIT_CONVERSION = YES;
				GCC_WARN_ABOUT_RETURN_TYPE = YES_ERROR;
				GCC_WARN_UNDECLARED_SELECTOR = YES;
				GCC_WARN_UNINITIALIZED_AUTOS = YES_AGGRESSIVE;
				GCC_WARN_UNUSED_FUNCTION = YES;
				GCC_WARN_UNUSED_VARIABLE = YES;
				IPHONEOS_DEPLOYMENT_TARGET = 16.4;
				MTL_ENABLE_DEBUG_INFO = INCLUDE_SOURCE;
				MTL_FAST_MATH = YES;
				ONLY_ACTIVE_ARCH = YES;
				SDKROOT = iphoneos;
				SWIFT_ACTIVE_COMPILATION_CONDITIONS = DEBUG;
				SWIFT_OPTIMIZATION_LEVEL = "-Onone";
			};
			name = Debug;
		};
		00225B9C2A21D202005A935E /* Release */ = {
			isa = XCBuildConfiguration;
			buildSettings = {
				ALWAYS_SEARCH_USER_PATHS = NO;
				CLANG_ANALYZER_NONNULL = YES;
				CLANG_ANALYZER_NUMBER_OBJECT_CONVERSION = YES_AGGRESSIVE;
				CLANG_CXX_LANGUAGE_STANDARD = "gnu++20";
				CLANG_ENABLE_MODULES = YES;
				CLANG_ENABLE_OBJC_ARC = YES;
				CLANG_ENABLE_OBJC_WEAK = YES;
				CLANG_WARN_BLOCK_CAPTURE_AUTORELEASING = YES;
				CLANG_WARN_BOOL_CONVERSION = YES;
				CLANG_WARN_COMMA = YES;
				CLANG_WARN_CONSTANT_CONVERSION = YES;
				CLANG_WARN_DEPRECATED_OBJC_IMPLEMENTATIONS = YES;
				CLANG_WARN_DIRECT_OBJC_ISA_USAGE = YES_ERROR;
				CLANG_WARN_DOCUMENTATION_COMMENTS = YES;
				CLANG_WARN_EMPTY_BODY = YES;
				CLANG_WARN_ENUM_CONVERSION = YES;
				CLANG_WARN_INFINITE_RECURSION = YES;
				CLANG_WARN_INT_CONVERSION = YES;
				CLANG_WARN_NON_LITERAL_NULL_CONVERSION = YES;
				CLANG_WARN_OBJC_IMPLICIT_RETAIN_SELF = YES;
				CLANG_WARN_OBJC_LITERAL_CONVERSION = YES;
				CLANG_WARN_OBJC_ROOT_CLASS = YES_ERROR;
				CLANG_WARN_QUOTED_INCLUDE_IN_FRAMEWORK_HEADER = YES;
				CLANG_WARN_RANGE_LOOP_ANALYSIS = YES;
				CLANG_WARN_STRICT_PROTOTYPES = YES;
				CLANG_WARN_SUSPICIOUS_MOVE = YES;
				CLANG_WARN_UNGUARDED_AVAILABILITY = YES_AGGRESSIVE;
				CLANG_WARN_UNREACHABLE_CODE = YES;
				CLANG_WARN__DUPLICATE_METHOD_MATCH = YES;
				COPY_PHASE_STRIP = NO;
				DEBUG_INFORMATION_FORMAT = "dwarf-with-dsym";
				ENABLE_NS_ASSERTIONS = NO;
				ENABLE_STRICT_OBJC_MSGSEND = YES;
				GCC_C_LANGUAGE_STANDARD = gnu11;
				GCC_NO_COMMON_BLOCKS = YES;
				GCC_WARN_64_TO_32_BIT_CONVERSION = YES;
				GCC_WARN_ABOUT_RETURN_TYPE = YES_ERROR;
				GCC_WARN_UNDECLARED_SELECTOR = YES;
				GCC_WARN_UNINITIALIZED_AUTOS = YES_AGGRESSIVE;
				GCC_WARN_UNUSED_FUNCTION = YES;
				GCC_WARN_UNUSED_VARIABLE = YES;
				IPHONEOS_DEPLOYMENT_TARGET = 16.4;
				MTL_ENABLE_DEBUG_INFO = NO;
				MTL_FAST_MATH = YES;
				SDKROOT = iphoneos;
				SWIFT_COMPILATION_MODE = wholemodule;
				SWIFT_OPTIMIZATION_LEVEL = "-O";
				VALIDATE_PRODUCT = YES;
			};
			name = Release;
		};
		00225B9E2A21D202005A935E /* Debug */ = {
			isa = XCBuildConfiguration;
			buildSettings = {
				ASSETCATALOG_COMPILER_APPICON_NAME = AppIcon;
				ASSETCATALOG_COMPILER_GLOBAL_ACCENT_COLOR_NAME = AccentColor;
				CODE_SIGN_STYLE = Automatic;
				CURRENT_PROJECT_VERSION = 1;
				DEVELOPMENT_ASSET_PATHS = "\"Weather App/Preview Content\"";
				DEVELOPMENT_TEAM = 8F982LC9MK;
				ENABLE_PREVIEWS = YES;
				GENERATE_INFOPLIST_FILE = YES;
				INFOPLIST_KEY_UIApplicationSceneManifest_Generation = YES;
				INFOPLIST_KEY_UIApplicationSupportsIndirectInputEvents = YES;
				INFOPLIST_KEY_UILaunchScreen_Generation = YES;
				INFOPLIST_KEY_UISupportedInterfaceOrientations_iPad = "UIInterfaceOrientationPortrait UIInterfaceOrientationPortraitUpsideDown UIInterfaceOrientationLandscapeLeft UIInterfaceOrientationLandscapeRight";
				INFOPLIST_KEY_UISupportedInterfaceOrientations_iPhone = "UIInterfaceOrientationPortrait UIInterfaceOrientationLandscapeLeft UIInterfaceOrientationLandscapeRight";
				IPHONEOS_DEPLOYMENT_TARGET = 15.0;
				LD_RUNPATH_SEARCH_PATHS = (
					"$(inherited)",
					"@executable_path/Frameworks",
				);
				MARKETING_VERSION = 1.0;
				PRODUCT_BUNDLE_IDENTIFIER = "dpac.Weather-App";
				PRODUCT_NAME = "$(TARGET_NAME)";
				SWIFT_EMIT_LOC_STRINGS = YES;
				SWIFT_VERSION = 5.0;
				TARGETED_DEVICE_FAMILY = "1,2";
			};
			name = Debug;
		};
		00225B9F2A21D202005A935E /* Release */ = {
			isa = XCBuildConfiguration;
			buildSettings = {
				ASSETCATALOG_COMPILER_APPICON_NAME = AppIcon;
				ASSETCATALOG_COMPILER_GLOBAL_ACCENT_COLOR_NAME = AccentColor;
				CODE_SIGN_STYLE = Automatic;
				CURRENT_PROJECT_VERSION = 1;
				DEVELOPMENT_ASSET_PATHS = "\"Weather App/Preview Content\"";
				DEVELOPMENT_TEAM = 8F982LC9MK;
				ENABLE_PREVIEWS = YES;
				GENERATE_INFOPLIST_FILE = YES;
				INFOPLIST_KEY_UIApplicationSceneManifest_Generation = YES;
				INFOPLIST_KEY_UIApplicationSupportsIndirectInputEvents = YES;
				INFOPLIST_KEY_UILaunchScreen_Generation = YES;
				INFOPLIST_KEY_UISupportedInterfaceOrientations_iPad = "UIInterfaceOrientationPortrait UIInterfaceOrientationPortraitUpsideDown UIInterfaceOrientationLandscapeLeft UIInterfaceOrientationLandscapeRight";
				INFOPLIST_KEY_UISupportedInterfaceOrientations_iPhone = "UIInterfaceOrientationPortrait UIInterfaceOrientationLandscapeLeft UIInterfaceOrientationLandscapeRight";
				IPHONEOS_DEPLOYMENT_TARGET = 15.0;
				LD_RUNPATH_SEARCH_PATHS = (
					"$(inherited)",
					"@executable_path/Frameworks",
				);
				MARKETING_VERSION = 1.0;
				PRODUCT_BUNDLE_IDENTIFIER = "dpac.Weather-App";
				PRODUCT_NAME = "$(TARGET_NAME)";
				SWIFT_EMIT_LOC_STRINGS = YES;
				SWIFT_VERSION = 5.0;
				TARGETED_DEVICE_FAMILY = "1,2";
			};
			name = Release;
		};
/* End XCBuildConfiguration section */

/* Begin XCConfigurationList section */
		00225B8A2A21D201005A935E /* Build configuration list for PBXProject "Weather App" */ = {
			isa = XCConfigurationList;
			buildConfigurations = (
				00225B9B2A21D202005A935E /* Debug */,
				00225B9C2A21D202005A935E /* Release */,
			);
			defaultConfigurationIsVisible = 0;
			defaultConfigurationName = Release;
		};
		00225B9D2A21D202005A935E /* Build configuration list for PBXNativeTarget "Weather App" */ = {
			isa = XCConfigurationList;
			buildConfigurations = (
				00225B9E2A21D202005A935E /* Debug */,
				00225B9F2A21D202005A935E /* Release */,
			);
			defaultConfigurationIsVisible = 0;
			defaultConfigurationName = Release;
		};
/* End XCConfigurationList section */
	};
	rootObject = 00225B872A21D201005A935E /* Project object */;
}
